PODS:
  - JSONModel (1.8.0)
  - SDWebImage (5.9.3):
    - SDWebImage/Core (= 5.9.3)
  - SDWebImage/Core (5.9.3)

DEPENDENCIES:
  - JSONModel
  - SDWebImage

SPEC REPOS:
  trunk:
    - JSONModel
    - SDWebImage

SPEC CHECKSUMS:
  JSONModel: 02ab723958366a3fd27da57ea2af2113658762e9
  SDWebImage: a31ee8e90a97303529e03fb0c333eae0eacb88e9

PODFILE CHECKSUM: 145e871c4da9e8a323cd10287caa7bb522053c94

COCOAPODS: 1.9.1
